
Microsoft Visual Studio Solution File, Format Version 12.00
# Visual Studio Version 17
VisualStudioVersion = 17.0.31808.319
MinimumVisualStudioVersion = 10.0.40219.1
Project("{9A19103F-16F7-4668-BE54-9A1E7A4F7556}") = "DesafioPiramide", "DesafioPiramide\DesafioPiramide.csproj", "{BC1CC0F5-CE32-49CA-B279-40627B5DDB59}"
EndProject
Project("{FAE04EC0-301F-11D3-BF4B-00C04F79EFBC}") = "AsyncIEnumerableExample", "AsyncIEnumerableExample\AsyncIEnumerableExample.csproj", "{C44B880D-53B6-4F43-AE54-D18D8C3251A4}"
EndProject
Global
	GlobalSection(SolutionConfigurationPlatforms) = preSolution
		Debug|Any CPU = Debug|Any CPU
		Release|Any CPU = Release|Any CPU
	EndGlobalSection
	GlobalSection(ProjectConfigurationPlatforms) = postSolution
		{BC1CC0F5-CE32-49CA-B279-40627B5DDB59}.Debug|Any CPU.ActiveCfg = Debug|Any CPU
		{BC1CC0F5-CE32-49CA-B279-40627B5DDB59}.Debug|Any CPU.Build.0 = Debug|Any CPU
		{BC1CC0F5-CE32-49CA-B279-40627B5DDB59}.Release|Any CPU.ActiveCfg = Release|Any CPU
		{BC1CC0F5-CE32-49CA-B279-40627B5DDB59}.Release|Any CPU.Build.0 = Release|Any CPU
		{C44B880D-53B6-4F43-AE54-D18D8C3251A4}.Debug|Any CPU.ActiveCfg = Debug|Any CPU
		{C44B880D-53B6-4F43-AE54-D18D8C3251A4}.Debug|Any CPU.Build.0 = Debug|Any CPU
		{C44B880D-53B6-4F43-AE54-D18D8C3251A4}.Release|Any CPU.ActiveCfg = Release|Any CPU
		{C44B880D-53B6-4F43-AE54-D18D8C3251A4}.Release|Any CPU.Build.0 = Release|Any CPU
	EndGlobalSection
	GlobalSection(SolutionProperties) = preSolution
		HideSolutionNode = FALSE
	EndGlobalSection
	GlobalSection(ExtensibilityGlobals) = postSolution
		SolutionGuid = {8DAEC749-8235-4EB7-9DC9-E775CA1A124E}
	EndGlobalSection
EndGlobal
